
Microsoft Visual Studio Solution File, Format Version 12.00
# Visual Studio Version 16
VisualStudioVersion = 16.0.29209.62
MinimumVisualStudioVersion = 10.0.40219.1
Project("{2150E333-8FDC-42A3-9474-1A3956D46DE8}") = "Chapter_01", "Chapter_01", "{C7FB2977-FA5B-4F4A-BD6D-54A6D651C0E3}"
EndProject
Project("{2150E333-8FDC-42A3-9474-1A3956D46DE8}") = "Chapter_02", "Chapter_02", "{DA4FA59E-4B7D-4A0D-971F-B77BE4267C4C}"
EndProject
Project("{9A19103F-16F7-4668-BE54-9A1E7A4F7556}") = "HealthCheck", "Chapter_01\HealthCheck\HealthCheck.csproj", "{86C6803B-67C2-4116-8AD4-43944BDE93F7}"
EndProject
Project("{9A19103F-16F7-4668-BE54-9A1E7A4F7556}") = "HealthCheck", "Chapter_02\HealthCheck\HealthCheck.csproj", "{C511A9B1-AE75-4706-89C1-6398145F038A}"
EndProject
Project("{2150E333-8FDC-42A3-9474-1A3956D46DE8}") = "Chapter_03", "Chapter_03", "{F5B14D16-0229-4931-A303-D64EC9038864}"
EndProject
Project("{9A19103F-16F7-4668-BE54-9A1E7A4F7556}") = "HealthCheck", "Chapter_03\HealthCheck\HealthCheck.csproj", "{B5373428-037B-4CB1-99B4-446C28F5F097}"
EndProject
Project("{2150E333-8FDC-42A3-9474-1A3956D46DE8}") = "Chapter_04", "Chapter_04", "{FA1BC5A3-A4D2-4510-BD39-8E01E4862271}"
EndProject
Project("{9A19103F-16F7-4668-BE54-9A1E7A4F7556}") = "WorldCities", "Chapter_04\WorldCities\WorldCities.csproj", "{9C1F258A-287E-494C-A352-E1A97936F1B6}"
EndProject
Project("{2150E333-8FDC-42A3-9474-1A3956D46DE8}") = "Chapter_05", "Chapter_05", "{FFAA313C-D100-4C29-A218-D6CAA01512AF}"
EndProject
Project("{9A19103F-16F7-4668-BE54-9A1E7A4F7556}") = "WorldCities", "Chapter_05\WorldCities\WorldCities.csproj", "{D9380899-AE72-481D-B12A-6A91E5F47C24}"
EndProject
Project("{2150E333-8FDC-42A3-9474-1A3956D46DE8}") = "Chapter_06", "Chapter_06", "{86F733CD-5A19-4106-AF25-787F04E6D2E3}"
EndProject
Project("{9A19103F-16F7-4668-BE54-9A1E7A4F7556}") = "WorldCities", "Chapter_06\WorldCities\WorldCities.csproj", "{32275E7C-084A-46E4-9A7E-F18D6C85633C}"
EndProject
Project("{2150E333-8FDC-42A3-9474-1A3956D46DE8}") = "Chapter_07", "Chapter_07", "{1C38A4BD-8BD8-4B7B-86B4-867FBE9F00B4}"
EndProject
Project("{9A19103F-16F7-4668-BE54-9A1E7A4F7556}") = "WorldCities", "Chapter_07\WorldCities\WorldCities.csproj", "{5BCFD243-6BD5-46DD-84BD-D54BD015816B}"
EndProject
Project("{2150E333-8FDC-42A3-9474-1A3956D46DE8}") = "Chapter_08", "Chapter_08", "{DAE4DCA6-C7C0-41E6-819D-456A7F683FEE}"
EndProject
Project("{9A19103F-16F7-4668-BE54-9A1E7A4F7556}") = "WorldCities", "Chapter_08\WorldCities\WorldCities.csproj", "{74C81E44-7BDD-4229-8839-1982A5E0BFEF}"
EndProject
Project("{2150E333-8FDC-42A3-9474-1A3956D46DE8}") = "Chapter_09", "Chapter_09", "{BE6B5B8C-3C2F-4B03-AF12-DF27CE716CD0}"
EndProject
Project("{9A19103F-16F7-4668-BE54-9A1E7A4F7556}") = "WorldCities", "Chapter_09\WorldCities\WorldCities.csproj", "{AC1C3B40-F286-491B-9729-CF4DF97C3D14}"
EndProject
Project("{9A19103F-16F7-4668-BE54-9A1E7A4F7556}") = "WorldCities.Tests", "Chapter_09\WorldCities.Tests\WorldCities.Tests.csproj", "{AA1F2009-1700-417C-B356-7AC41927DE73}"
EndProject
Project("{2150E333-8FDC-42A3-9474-1A3956D46DE8}") = "Chapter_10", "Chapter_10", "{F6DB5D7A-3A2B-4E7E-9973-89207916FDEB}"
EndProject
Project("{9A19103F-16F7-4668-BE54-9A1E7A4F7556}") = "WorldCities", "Chapter_10\WorldCities\WorldCities.csproj", "{3B525260-5C3F-4ABB-9DCE-263A0301155C}"
EndProject
Project("{9A19103F-16F7-4668-BE54-9A1E7A4F7556}") = "WorldCities.Tests", "Chapter_10\WorldCities.Tests\WorldCities.Tests.csproj", "{FCFD8752-27D6-4349-8782-34D65F48AB7F}"
EndProject
Project("{9A19103F-16F7-4668-BE54-9A1E7A4F7556}") = "AuthSample", "Chapter_10\AuthSample\AuthSample.csproj", "{F0CB37D6-B777-41AF-BE67-9217A4C59318}"
EndProject
Project("{2150E333-8FDC-42A3-9474-1A3956D46DE8}") = "Chapter_11", "Chapter_11", "{0D0E3BFF-75C8-49D9-A00C-CED1A656C64D}"
EndProject
Project("{9A19103F-16F7-4668-BE54-9A1E7A4F7556}") = "WorldCities", "Chapter_11\WorldCities\WorldCities.csproj", "{137468D5-980E-41AD-8C6A-E93DAA8D44FA}"
EndProject
Project("{9A19103F-16F7-4668-BE54-9A1E7A4F7556}") = "HealthCheck", "Chapter_11\HealthCheck\HealthCheck.csproj", "{1969429B-96B6-4247-B38C-1D6A9019C757}"
EndProject
Project("{2150E333-8FDC-42A3-9474-1A3956D46DE8}") = "Chapter_12", "Chapter_12", "{2FE8A041-4CCF-4C77-83F4-A3594E705932}"
EndProject
Project("{9A19103F-16F7-4668-BE54-9A1E7A4F7556}") = "HealthCheck", "Chapter_12\HealthCheck\HealthCheck.csproj", "{83DB7FA3-A888-46A7-9DFA-DB9A30CB40DD}"
EndProject
Project("{9A19103F-16F7-4668-BE54-9A1E7A4F7556}") = "WorldCities", "Chapter_12\WorldCities\WorldCities.csproj", "{CC6B414C-356A-4D80-847F-478D2B32FC02}"
EndProject
Global
	GlobalSection(SolutionConfigurationPlatforms) = preSolution
		Debug|Any CPU = Debug|Any CPU
		Release|Any CPU = Release|Any CPU
	EndGlobalSection
	GlobalSection(ProjectConfigurationPlatforms) = postSolution
		{86C6803B-67C2-4116-8AD4-43944BDE93F7}.Debug|Any CPU.ActiveCfg = Debug|Any CPU
		{86C6803B-67C2-4116-8AD4-43944BDE93F7}.Debug|Any CPU.Build.0 = Debug|Any CPU
		{86C6803B-67C2-4116-8AD4-43944BDE93F7}.Release|Any CPU.ActiveCfg = Release|Any CPU
		{86C6803B-67C2-4116-8AD4-43944BDE93F7}.Release|Any CPU.Build.0 = Release|Any CPU
		{C511A9B1-AE75-4706-89C1-6398145F038A}.Debug|Any CPU.ActiveCfg = Debug|Any CPU
		{C511A9B1-AE75-4706-89C1-6398145F038A}.Debug|Any CPU.Build.0 = Debug|Any CPU
		{C511A9B1-AE75-4706-89C1-6398145F038A}.Release|Any CPU.ActiveCfg = Release|Any CPU
		{C511A9B1-AE75-4706-89C1-6398145F038A}.Release|Any CPU.Build.0 = Release|Any CPU
		{B5373428-037B-4CB1-99B4-446C28F5F097}.Debug|Any CPU.ActiveCfg = Debug|Any CPU
		{B5373428-037B-4CB1-99B4-446C28F5F097}.Debug|Any CPU.Build.0 = Debug|Any CPU
		{B5373428-037B-4CB1-99B4-446C28F5F097}.Release|Any CPU.ActiveCfg = Release|Any CPU
		{B5373428-037B-4CB1-99B4-446C28F5F097}.Release|Any CPU.Build.0 = Release|Any CPU
		{9C1F258A-287E-494C-A352-E1A97936F1B6}.Debug|Any CPU.ActiveCfg = Debug|Any CPU
		{9C1F258A-287E-494C-A352-E1A97936F1B6}.Debug|Any CPU.Build.0 = Debug|Any CPU
		{9C1F258A-287E-494C-A352-E1A97936F1B6}.Release|Any CPU.ActiveCfg = Release|Any CPU
		{9C1F258A-287E-494C-A352-E1A97936F1B6}.Release|Any CPU.Build.0 = Release|Any CPU
		{D9380899-AE72-481D-B12A-6A91E5F47C24}.Debug|Any CPU.ActiveCfg = Debug|Any CPU
		{D9380899-AE72-481D-B12A-6A91E5F47C24}.Debug|Any CPU.Build.0 = Debug|Any CPU
		{D9380899-AE72-481D-B12A-6A91E5F47C24}.Release|Any CPU.ActiveCfg = Release|Any CPU
		{D9380899-AE72-481D-B12A-6A91E5F47C24}.Release|Any CPU.Build.0 = Release|Any CPU
		{32275E7C-084A-46E4-9A7E-F18D6C85633C}.Debug|Any CPU.ActiveCfg = Debug|Any CPU
		{32275E7C-084A-46E4-9A7E-F18D6C85633C}.Debug|Any CPU.Build.0 = Debug|Any CPU
		{32275E7C-084A-46E4-9A7E-F18D6C85633C}.Release|Any CPU.ActiveCfg = Release|Any CPU
		{32275E7C-084A-46E4-9A7E-F18D6C85633C}.Release|Any CPU.Build.0 = Release|Any CPU
		{5BCFD243-6BD5-46DD-84BD-D54BD015816B}.Debug|Any CPU.ActiveCfg = Debug|Any CPU
		{5BCFD243-6BD5-46DD-84BD-D54BD015816B}.Debug|Any CPU.Build.0 = Debug|Any CPU
		{5BCFD243-6BD5-46DD-84BD-D54BD015816B}.Release|Any CPU.ActiveCfg = Release|Any CPU
		{5BCFD243-6BD5-46DD-84BD-D54BD015816B}.Release|Any CPU.Build.0 = Release|Any CPU
		{74C81E44-7BDD-4229-8839-1982A5E0BFEF}.Debug|Any CPU.ActiveCfg = Debug|Any CPU
		{74C81E44-7BDD-4229-8839-1982A5E0BFEF}.Debug|Any CPU.Build.0 = Debug|Any CPU
		{74C81E44-7BDD-4229-8839-1982A5E0BFEF}.Release|Any CPU.ActiveCfg = Release|Any CPU
		{74C81E44-7BDD-4229-8839-1982A5E0BFEF}.Release|Any CPU.Build.0 = Release|Any CPU
		{AC1C3B40-F286-491B-9729-CF4DF97C3D14}.Debug|Any CPU.ActiveCfg = Debug|Any CPU
		{AC1C3B40-F286-491B-9729-CF4DF97C3D14}.Debug|Any CPU.Build.0 = Debug|Any CPU
		{AC1C3B40-F286-491B-9729-CF4DF97C3D14}.Release|Any CPU.ActiveCfg = Release|Any CPU
		{AC1C3B40-F286-491B-9729-CF4DF97C3D14}.Release|Any CPU.Build.0 = Release|Any CPU
		{AA1F2009-1700-417C-B356-7AC41927DE73}.Debug|Any CPU.ActiveCfg = Debug|Any CPU
		{AA1F2009-1700-417C-B356-7AC41927DE73}.Debug|Any CPU.Build.0 = Debug|Any CPU
		{AA1F2009-1700-417C-B356-7AC41927DE73}.Release|Any CPU.ActiveCfg = Release|Any CPU
		{AA1F2009-1700-417C-B356-7AC41927DE73}.Release|Any CPU.Build.0 = Release|Any CPU
		{3B525260-5C3F-4ABB-9DCE-263A0301155C}.Debug|Any CPU.ActiveCfg = Debug|Any CPU
		{3B525260-5C3F-4ABB-9DCE-263A0301155C}.Debug|Any CPU.Build.0 = Debug|Any CPU
		{3B525260-5C3F-4ABB-9DCE-263A0301155C}.Release|Any CPU.ActiveCfg = Release|Any CPU
		{3B525260-5C3F-4ABB-9DCE-263A0301155C}.Release|Any CPU.Build.0 = Release|Any CPU
		{FCFD8752-27D6-4349-8782-34D65F48AB7F}.Debug|Any CPU.ActiveCfg = Debug|Any CPU
		{FCFD8752-27D6-4349-8782-34D65F48AB7F}.Debug|Any CPU.Build.0 = Debug|Any CPU
		{FCFD8752-27D6-4349-8782-34D65F48AB7F}.Release|Any CPU.ActiveCfg = Release|Any CPU
		{FCFD8752-27D6-4349-8782-34D65F48AB7F}.Release|Any CPU.Build.0 = Release|Any CPU
		{F0CB37D6-B777-41AF-BE67-9217A4C59318}.Debug|Any CPU.ActiveCfg = Debug|Any CPU
		{F0CB37D6-B777-41AF-BE67-9217A4C59318}.Debug|Any CPU.Build.0 = Debug|Any CPU
		{F0CB37D6-B777-41AF-BE67-9217A4C59318}.Release|Any CPU.ActiveCfg = Release|Any CPU
		{F0CB37D6-B777-41AF-BE67-9217A4C59318}.Release|Any CPU.Build.0 = Release|Any CPU
		{137468D5-980E-41AD-8C6A-E93DAA8D44FA}.Debug|Any CPU.ActiveCfg = Debug|Any CPU
		{137468D5-980E-41AD-8C6A-E93DAA8D44FA}.Debug|Any CPU.Build.0 = Debug|Any CPU
		{137468D5-980E-41AD-8C6A-E93DAA8D44FA}.Release|Any CPU.ActiveCfg = Release|Any CPU
		{137468D5-980E-41AD-8C6A-E93DAA8D44FA}.Release|Any CPU.Build.0 = Release|Any CPU
		{1969429B-96B6-4247-B38C-1D6A9019C757}.Debug|Any CPU.ActiveCfg = Debug|Any CPU
		{1969429B-96B6-4247-B38C-1D6A9019C757}.Debug|Any CPU.Build.0 = Debug|Any CPU
		{1969429B-96B6-4247-B38C-1D6A9019C757}.Release|Any CPU.ActiveCfg = Release|Any CPU
		{1969429B-96B6-4247-B38C-1D6A9019C757}.Release|Any CPU.Build.0 = Release|Any CPU
		{83DB7FA3-A888-46A7-9DFA-DB9A30CB40DD}.Debug|Any CPU.ActiveCfg = Debug|Any CPU
		{83DB7FA3-A888-46A7-9DFA-DB9A30CB40DD}.Debug|Any CPU.Build.0 = Debug|Any CPU
		{83DB7FA3-A888-46A7-9DFA-DB9A30CB40DD}.Release|Any CPU.ActiveCfg = Release|Any CPU
		{83DB7FA3-A888-46A7-9DFA-DB9A30CB40DD}.Release|Any CPU.Build.0 = Release|Any CPU
		{CC6B414C-356A-4D80-847F-478D2B32FC02}.Debug|Any CPU.ActiveCfg = Debug|Any CPU
		{CC6B414C-356A-4D80-847F-478D2B32FC02}.Debug|Any CPU.Build.0 = Debug|Any CPU
		{CC6B414C-356A-4D80-847F-478D2B32FC02}.Release|Any CPU.ActiveCfg = Release|Any CPU
		{CC6B414C-356A-4D80-847F-478D2B32FC02}.Release|Any CPU.Build.0 = Release|Any CPU
	EndGlobalSection
	GlobalSection(SolutionProperties) = preSolution
		HideSolutionNode = FALSE
	EndGlobalSection
	GlobalSection(NestedProjects) = preSolution
		{86C6803B-67C2-4116-8AD4-43944BDE93F7} = {C7FB2977-FA5B-4F4A-BD6D-54A6D651C0E3}
		{C511A9B1-AE75-4706-89C1-6398145F038A} = {DA4FA59E-4B7D-4A0D-971F-B77BE4267C4C}
		{B5373428-037B-4CB1-99B4-446C28F5F097} = {F5B14D16-0229-4931-A303-D64EC9038864}
		{9C1F258A-287E-494C-A352-E1A97936F1B6} = {FA1BC5A3-A4D2-4510-BD39-8E01E4862271}
		{D9380899-AE72-481D-B12A-6A91E5F47C24} = {FFAA313C-D100-4C29-A218-D6CAA01512AF}
		{32275E7C-084A-46E4-9A7E-F18D6C85633C} = {86F733CD-5A19-4106-AF25-787F04E6D2E3}
		{5BCFD243-6BD5-46DD-84BD-D54BD015816B} = {1C38A4BD-8BD8-4B7B-86B4-867FBE9F00B4}
		{74C81E44-7BDD-4229-8839-1982A5E0BFEF} = {DAE4DCA6-C7C0-41E6-819D-456A7F683FEE}
		{AC1C3B40-F286-491B-9729-CF4DF97C3D14} = {BE6B5B8C-3C2F-4B03-AF12-DF27CE716CD0}
		{AA1F2009-1700-417C-B356-7AC41927DE73} = {BE6B5B8C-3C2F-4B03-AF12-DF27CE716CD0}
		{3B525260-5C3F-4ABB-9DCE-263A0301155C} = {F6DB5D7A-3A2B-4E7E-9973-89207916FDEB}
		{FCFD8752-27D6-4349-8782-34D65F48AB7F} = {F6DB5D7A-3A2B-4E7E-9973-89207916FDEB}
		{F0CB37D6-B777-41AF-BE67-9217A4C59318} = {F6DB5D7A-3A2B-4E7E-9973-89207916FDEB}
		{137468D5-980E-41AD-8C6A-E93DAA8D44FA} = {0D0E3BFF-75C8-49D9-A00C-CED1A656C64D}
		{1969429B-96B6-4247-B38C-1D6A9019C757} = {0D0E3BFF-75C8-49D9-A00C-CED1A656C64D}
		{83DB7FA3-A888-46A7-9DFA-DB9A30CB40DD} = {2FE8A041-4CCF-4C77-83F4-A3594E705932}
		{CC6B414C-356A-4D80-847F-478D2B32FC02} = {2FE8A041-4CCF-4C77-83F4-A3594E705932}
	EndGlobalSection
	GlobalSection(ExtensibilityGlobals) = postSolution
		SolutionGuid = {F0EE0686-783C-472C-8B14-22385361AEE1}
	EndGlobalSection
EndGlobal
