
Microsoft Visual Studio Solution File, Format Version 12.00
# Visual Studio Version 16
VisualStudioVersion = 16.0.29209.62
MinimumVisualStudioVersion = 10.0.40219.1
Project("{9A19103F-16F7-4668-BE54-9A1E7A4F7556}") = "HealthCheck", "Chapter_12\HealthCheck\HealthCheck.csproj", "{55764BDF-9E98-4453-A046-B631089D4B25}"
EndProject
Project("{9A19103F-16F7-4668-BE54-9A1E7A4F7556}") = "WorldCities", "Chapter_12\WorldCities\WorldCities.csproj", "{DBA1DEFD-4C35-4E6C-933E-44F5B8BF9567}"
EndProject
Global
	GlobalSection(SolutionConfigurationPlatforms) = preSolution
		Debug|Any CPU = Debug|Any CPU
		Release|Any CPU = Release|Any CPU
	EndGlobalSection
	GlobalSection(ProjectConfigurationPlatforms) = postSolution
		{55764BDF-9E98-4453-A046-B631089D4B25}.Debug|Any CPU.ActiveCfg = Debug|Any CPU
		{55764BDF-9E98-4453-A046-B631089D4B25}.Debug|Any CPU.Build.0 = Debug|Any CPU
		{55764BDF-9E98-4453-A046-B631089D4B25}.Release|Any CPU.ActiveCfg = Release|Any CPU
		{55764BDF-9E98-4453-A046-B631089D4B25}.Release|Any CPU.Build.0 = Release|Any CPU
		{DBA1DEFD-4C35-4E6C-933E-44F5B8BF9567}.Debug|Any CPU.ActiveCfg = Debug|Any CPU
		{DBA1DEFD-4C35-4E6C-933E-44F5B8BF9567}.Debug|Any CPU.Build.0 = Debug|Any CPU
		{DBA1DEFD-4C35-4E6C-933E-44F5B8BF9567}.Release|Any CPU.ActiveCfg = Release|Any CPU
		{DBA1DEFD-4C35-4E6C-933E-44F5B8BF9567}.Release|Any CPU.Build.0 = Release|Any CPU
	EndGlobalSection
	GlobalSection(SolutionProperties) = preSolution
		HideSolutionNode = FALSE
	EndGlobalSection
	GlobalSection(ExtensibilityGlobals) = postSolution
		SolutionGuid = {F0EE0686-783C-472C-8B14-22385361AEE1}
	EndGlobalSection
EndGlobal
