
Microsoft Visual Studio Solution File, Format Version 12.00
# Visual Studio Version 16
VisualStudioVersion = 16.0.29102.190
MinimumVisualStudioVersion = 10.0.40219.1
Project("{9A19103F-16F7-4668-BE54-9A1E7A4F7556}") = "HealthCheck", "Chapter_01\HealthCheck\HealthCheck.csproj", "{5DC82B04-93AA-4B83-AE82-759A0E21DFF5}"
EndProject
Global
	GlobalSection(SolutionConfigurationPlatforms) = preSolution
		Debug|Any CPU = Debug|Any CPU
		Release|Any CPU = Release|Any CPU
	EndGlobalSection
	GlobalSection(ProjectConfigurationPlatforms) = postSolution
		{B140A870-A419-487C-A4D5-D1949CCFB411}.Debug|Any CPU.ActiveCfg = Debug|Any CPU
		{B140A870-A419-487C-A4D5-D1949CCFB411}.Debug|Any CPU.Build.0 = Debug|Any CPU
		{B140A870-A419-487C-A4D5-D1949CCFB411}.Release|Any CPU.ActiveCfg = Release|Any CPU
		{B140A870-A419-487C-A4D5-D1949CCFB411}.Release|Any CPU.Build.0 = Release|Any CPU
	EndGlobalSection
	GlobalSection(SolutionProperties) = preSolution
		HideSolutionNode = FALSE
	EndGlobalSection
	GlobalSection(ExtensibilityGlobals) = postSolution
		SolutionGuid = {922DA531-077E-4848-833C-D0F1791E34E4}
	EndGlobalSection
EndGlobal
